
Microsoft Visual Studio Solution File, Format Version 12.00
# Visual Studio Version 16
VisualStudioVersion = 16.0.31727.386
MinimumVisualStudioVersion = 10.0.40219.1
Project("{9A19103F-16F7-4668-BE54-9A1E7A4F7556}") = "WebApplication1", "WebApplication1\WebApplication1.csproj", "{1E7BEE2D-59C7-4CBD-9933-D76826B08160}"
EndProject
Project("{9A19103F-16F7-4668-BE54-9A1E7A4F7556}") = "Domain", "Domain\Domain.csproj", "{222D9428-EB28-48DB-AD2C-2C1BAB256A1A}"
EndProject
Project("{9A19103F-16F7-4668-BE54-9A1E7A4F7556}") = "Application", "Application\Application.csproj", "{ACA99C6A-F1CA-4C40-9C55-C5E290BEB8D3}"
EndProject
Project("{9A19103F-16F7-4668-BE54-9A1E7A4F7556}") = "DataAccess", "DataAccess\DataAccess.csproj", "{9628537C-F81B-4030-A508-C659A91580D2}"
EndProject
Global
	GlobalSection(SolutionConfigurationPlatforms) = preSolution
		Debug|Any CPU = Debug|Any CPU
		Release|Any CPU = Release|Any CPU
	EndGlobalSection
	GlobalSection(ProjectConfigurationPlatforms) = postSolution
		{1E7BEE2D-59C7-4CBD-9933-D76826B08160}.Debug|Any CPU.ActiveCfg = Debug|Any CPU
		{1E7BEE2D-59C7-4CBD-9933-D76826B08160}.Debug|Any CPU.Build.0 = Debug|Any CPU
		{1E7BEE2D-59C7-4CBD-9933-D76826B08160}.Release|Any CPU.ActiveCfg = Release|Any CPU
		{1E7BEE2D-59C7-4CBD-9933-D76826B08160}.Release|Any CPU.Build.0 = Release|Any CPU
		{222D9428-EB28-48DB-AD2C-2C1BAB256A1A}.Debug|Any CPU.ActiveCfg = Debug|Any CPU
		{222D9428-EB28-48DB-AD2C-2C1BAB256A1A}.Debug|Any CPU.Build.0 = Debug|Any CPU
		{222D9428-EB28-48DB-AD2C-2C1BAB256A1A}.Release|Any CPU.ActiveCfg = Release|Any CPU
		{222D9428-EB28-48DB-AD2C-2C1BAB256A1A}.Release|Any CPU.Build.0 = Release|Any CPU
		{ACA99C6A-F1CA-4C40-9C55-C5E290BEB8D3}.Debug|Any CPU.ActiveCfg = Debug|Any CPU
		{ACA99C6A-F1CA-4C40-9C55-C5E290BEB8D3}.Debug|Any CPU.Build.0 = Debug|Any CPU
		{ACA99C6A-F1CA-4C40-9C55-C5E290BEB8D3}.Release|Any CPU.ActiveCfg = Release|Any CPU
		{ACA99C6A-F1CA-4C40-9C55-C5E290BEB8D3}.Release|Any CPU.Build.0 = Release|Any CPU
		{9628537C-F81B-4030-A508-C659A91580D2}.Debug|Any CPU.ActiveCfg = Debug|Any CPU
		{9628537C-F81B-4030-A508-C659A91580D2}.Debug|Any CPU.Build.0 = Debug|Any CPU
		{9628537C-F81B-4030-A508-C659A91580D2}.Release|Any CPU.ActiveCfg = Release|Any CPU
		{9628537C-F81B-4030-A508-C659A91580D2}.Release|Any CPU.Build.0 = Release|Any CPU
	EndGlobalSection
	GlobalSection(SolutionProperties) = preSolution
		HideSolutionNode = FALSE
	EndGlobalSection
	GlobalSection(ExtensibilityGlobals) = postSolution
		SolutionGuid = {18A901E4-3C4A-4974-84B5-990849CFEFFE}
	EndGlobalSection
EndGlobal
